
Microsoft Visual Studio Solution File, Format Version 12.00
# Visual Studio 11
Project("{FAE04EC0-301F-11D3-BF4B-00C04F79EFBC}") = "ArrayClosestAscenders", "ArrayClosestAscenders\ArrayClosestAscenders.csproj", "{2B1C9F00-47FA-4293-88CA-78087EB84CEB}"
EndProject
Project("{2150E333-8FDC-42A3-9474-1A3956D46DE8}") = "ArrayClosestAscenders", "ArrayClosestAscenders", "{7FFE3EAB-5A52-4B1A-B1EC-1D688BC59661}"
EndProject
Project("{FAE04EC0-301F-11D3-BF4B-00C04F79EFBC}") = "UnitTests", "UnitTests\UnitTests.csproj", "{1C0C32D8-8C4B-4CB6-A8E1-FCAAB47ABAA7}"
EndProject
Global
	GlobalSection(SolutionConfigurationPlatforms) = preSolution
		Debug|Any CPU = Debug|Any CPU
		Release|Any CPU = Release|Any CPU
	EndGlobalSection
	GlobalSection(ProjectConfigurationPlatforms) = postSolution
		{1C0C32D8-8C4B-4CB6-A8E1-FCAAB47ABAA7}.Debug|Any CPU.ActiveCfg = Debug|Any CPU
		{1C0C32D8-8C4B-4CB6-A8E1-FCAAB47ABAA7}.Debug|Any CPU.Build.0 = Debug|Any CPU
		{1C0C32D8-8C4B-4CB6-A8E1-FCAAB47ABAA7}.Release|Any CPU.ActiveCfg = Release|Any CPU
		{1C0C32D8-8C4B-4CB6-A8E1-FCAAB47ABAA7}.Release|Any CPU.Build.0 = Release|Any CPU
		{2B1C9F00-47FA-4293-88CA-78087EB84CEB}.Debug|Any CPU.ActiveCfg = Debug|Any CPU
		{2B1C9F00-47FA-4293-88CA-78087EB84CEB}.Debug|Any CPU.Build.0 = Debug|Any CPU
		{2B1C9F00-47FA-4293-88CA-78087EB84CEB}.Release|Any CPU.ActiveCfg = Release|Any CPU
		{2B1C9F00-47FA-4293-88CA-78087EB84CEB}.Release|Any CPU.Build.0 = Release|Any CPU
	EndGlobalSection
	GlobalSection(SolutionProperties) = preSolution
		HideSolutionNode = FALSE
	EndGlobalSection
	GlobalSection(NestedProjects) = preSolution
		{1C0C32D8-8C4B-4CB6-A8E1-FCAAB47ABAA7} = {7FFE3EAB-5A52-4B1A-B1EC-1D688BC59661}
		{2B1C9F00-47FA-4293-88CA-78087EB84CEB} = {7FFE3EAB-5A52-4B1A-B1EC-1D688BC59661}
	EndGlobalSection
EndGlobal
